
Microsoft Visual Studio Solution File, Format Version 12.00
# Visual Studio Version 17
VisualStudioVersion = 17.0.31912.275
MinimumVisualStudioVersion = 10.0.40219.1
Project("{FAE04EC0-301F-11D3-BF4B-00C04F79EFBC}") = "EFMigrationsMergeConflictApi", "EFMigrationsMergeConflictApi\EFMigrationsMergeConflictApi.csproj", "{B6A67561-5B38-41EC-9632-F263590F9C03}"
EndProject
Project("{FAE04EC0-301F-11D3-BF4B-00C04F79EFBC}") = "EFMigrationsMergeConflictApi.Infrastructure", "EFMigrationsMergeConflict.Infrastructure\EFMigrationsMergeConflictApi.Infrastructure.csproj", "{DCDC422E-687E-48FA-B806-03904B191D9F}"
EndProject
Project("{FAE04EC0-301F-11D3-BF4B-00C04F79EFBC}") = "EFMigrationsMergeConflictApi.Domain.Core", "EFMigrationsMergeConflictApi.Domain.Core\EFMigrationsMergeConflictApi.Domain.Core.csproj", "{F43C7CE5-636B-480F-99FA-9797F0135DDC}"
EndProject
Global
	GlobalSection(SolutionConfigurationPlatforms) = preSolution
		Debug|Any CPU = Debug|Any CPU
		Release|Any CPU = Release|Any CPU
	EndGlobalSection
	GlobalSection(ProjectConfigurationPlatforms) = postSolution
		{B6A67561-5B38-41EC-9632-F263590F9C03}.Debug|Any CPU.ActiveCfg = Debug|Any CPU
		{B6A67561-5B38-41EC-9632-F263590F9C03}.Debug|Any CPU.Build.0 = Debug|Any CPU
		{B6A67561-5B38-41EC-9632-F263590F9C03}.Release|Any CPU.ActiveCfg = Release|Any CPU
		{B6A67561-5B38-41EC-9632-F263590F9C03}.Release|Any CPU.Build.0 = Release|Any CPU
		{DCDC422E-687E-48FA-B806-03904B191D9F}.Debug|Any CPU.ActiveCfg = Debug|Any CPU
		{DCDC422E-687E-48FA-B806-03904B191D9F}.Debug|Any CPU.Build.0 = Debug|Any CPU
		{DCDC422E-687E-48FA-B806-03904B191D9F}.Release|Any CPU.ActiveCfg = Release|Any CPU
		{DCDC422E-687E-48FA-B806-03904B191D9F}.Release|Any CPU.Build.0 = Release|Any CPU
		{F43C7CE5-636B-480F-99FA-9797F0135DDC}.Debug|Any CPU.ActiveCfg = Debug|Any CPU
		{F43C7CE5-636B-480F-99FA-9797F0135DDC}.Debug|Any CPU.Build.0 = Debug|Any CPU
		{F43C7CE5-636B-480F-99FA-9797F0135DDC}.Release|Any CPU.ActiveCfg = Release|Any CPU
		{F43C7CE5-636B-480F-99FA-9797F0135DDC}.Release|Any CPU.Build.0 = Release|Any CPU
	EndGlobalSection
	GlobalSection(SolutionProperties) = preSolution
		HideSolutionNode = FALSE
	EndGlobalSection
	GlobalSection(ExtensibilityGlobals) = postSolution
		SolutionGuid = {74CF982B-4427-4C91-8F2D-831D7E02F008}
	EndGlobalSection
EndGlobal
